
Microsoft Visual Studio Solution File, Format Version 12.00
# Visual Studio Version 16
VisualStudioVersion = 16.0.31205.134
MinimumVisualStudioVersion = 10.0.40219.1
Project("{8BC9CEB8-8B4A-11D0-8D11-00A0C91BC942}") = "01_hw", "01_hw\01_hw.vcxproj", "{6A18A2FC-2FC7-4882-BA8B-63CC718D78D4}"
EndProject
Project("{8BC9CEB8-8B4A-11D0-8D11-00A0C91BC942}") = "02_Partitial_to_Gray", "02_prac\02_prac.vcxproj", "{74550AC6-8480-4E4B-9AD3-DEEF6488D044}"
EndProject
Project("{8BC9CEB8-8B4A-11D0-8D11-00A0C91BC942}") = "02_resize", "02_biLinear\02_biLinear.vcxproj", "{1FF70C02-32F1-4C2D-90A0-00F92B1FC7F6}"
EndProject
Project("{8BC9CEB8-8B4A-11D0-8D11-00A0C91BC942}") = "02_rotate", "02_assinment\02_assinment.vcxproj", "{334E3B00-712E-4D46-B101-85CF7D5CB856}"
EndProject
Project("{8BC9CEB8-8B4A-11D0-8D11-00A0C91BC942}") = "03_HOG", "03_HOG\03_HOG.vcxproj", "{A22B7EA6-E99A-456E-9082-607BDE372CD5}"
EndProject
Project("{8BC9CEB8-8B4A-11D0-8D11-00A0C91BC942}") = "04_HarrisConer", "04_HarrisConer\04_HarrisConer.vcxproj", "{A2EEFC7C-481A-4819-AC2E-590A1624C396}"
EndProject
Project("{8BC9CEB8-8B4A-11D0-8D11-00A0C91BC942}") = "05_Video_Capture", "05_Video_Capture\05_Video_Capture.vcxproj", "{1F32EAC7-0A3B-4434-80A0-9A0471BE88FA}"
EndProject
Project("{8BC9CEB8-8B4A-11D0-8D11-00A0C91BC942}") = "05_FeatureMatch", "05_FeatureMatch\05_FeatureMatch.vcxproj", "{27CB8C58-79C3-4F28-A2F2-2F4978C4398F}"
EndProject
Project("{8BC9CEB8-8B4A-11D0-8D11-00A0C91BC942}") = "06_OFE", "06_OFE\06_OFE.vcxproj", "{E4BA7BD5-D819-4344-B54F-608CE584366E}"
EndProject
Project("{8BC9CEB8-8B4A-11D0-8D11-00A0C91BC942}") = "09_faceDetecting", "09_faceDetecting\09_faceDetecting.vcxproj", "{8B0425E2-758B-4EB6-8252-8073CAECF2B0}"
EndProject
Project("{8BC9CEB8-8B4A-11D0-8D11-00A0C91BC942}") = "09_faceDetecting_hog", "09_faceDetecting_hog\09_faceDetecting_hog.vcxproj", "{5EACC303-003F-4422-97DA-B469D378D8FE}"
EndProject
Project("{8BC9CEB8-8B4A-11D0-8D11-00A0C91BC942}") = "10_face_Verification", "10_face_Verification\10_face_Verification.vcxproj", "{71AB1619-8D18-4FEC-9907-DD1358657C47}"
EndProject
Project("{8BC9CEB8-8B4A-11D0-8D11-00A0C91BC942}") = "12_graphCut", "12_graphCut\12_graphCut.vcxproj", "{CE2B80EA-D9C6-448F-AE82-B1176993725F}"
EndProject
Project("{8BC9CEB8-8B4A-11D0-8D11-00A0C91BC942}") = "13_inpaint", "13_inpaint\13_inpaint.vcxproj", "{840D6FB4-6390-48ED-8592-6C0398515EE3}"
EndProject
Project("{8BC9CEB8-8B4A-11D0-8D11-00A0C91BC942}") = "motion_RSP_project", "motion_RSP_project\motion_RSP_project.vcxproj", "{B4112CD3-D8BA-4D40-8DA7-A411F298BA57}"
EndProject
Project("{8BC9CEB8-8B4A-11D0-8D11-00A0C91BC942}") = "09_traffic_detect", "09_traffic_detect\09_traffic_detect.vcxproj", "{D12D833F-C815-4539-9DBD-9C59001BBF6A}"
EndProject
Project("{8BC9CEB8-8B4A-11D0-8D11-00A0C91BC942}") = "Final_exam", "Final_exam\Final_exam.vcxproj", "{9C0F7015-6E5F-4130-A1B4-96ECCA5E88FF}"
EndProject
Project("{8BC9CEB8-8B4A-11D0-8D11-00A0C91BC942}") = "11_landmark", "11_landmark\11_landmark.vcxproj", "{05592BBA-FFD4-4508-AC26-1B9283891A5E}"
EndProject
Project("{8BC9CEB8-8B4A-11D0-8D11-00A0C91BC942}") = "Final", "Final\Final.vcxproj", "{21A95746-8040-4400-AD3F-E02D580F6D81}"
EndProject
Global
	GlobalSection(SolutionConfigurationPlatforms) = preSolution
		Debug|x64 = Debug|x64
		Debug|x86 = Debug|x86
		Release|x64 = Release|x64
		Release|x86 = Release|x86
	EndGlobalSection
	GlobalSection(ProjectConfigurationPlatforms) = postSolution
		{6A18A2FC-2FC7-4882-BA8B-63CC718D78D4}.Debug|x64.ActiveCfg = Debug|x64
		{6A18A2FC-2FC7-4882-BA8B-63CC718D78D4}.Debug|x64.Build.0 = Debug|x64
		{6A18A2FC-2FC7-4882-BA8B-63CC718D78D4}.Debug|x86.ActiveCfg = Debug|Win32
		{6A18A2FC-2FC7-4882-BA8B-63CC718D78D4}.Debug|x86.Build.0 = Debug|Win32
		{6A18A2FC-2FC7-4882-BA8B-63CC718D78D4}.Release|x64.ActiveCfg = Release|x64
		{6A18A2FC-2FC7-4882-BA8B-63CC718D78D4}.Release|x64.Build.0 = Release|x64
		{6A18A2FC-2FC7-4882-BA8B-63CC718D78D4}.Release|x86.ActiveCfg = Release|Win32
		{6A18A2FC-2FC7-4882-BA8B-63CC718D78D4}.Release|x86.Build.0 = Release|Win32
		{74550AC6-8480-4E4B-9AD3-DEEF6488D044}.Debug|x64.ActiveCfg = Debug|x64
		{74550AC6-8480-4E4B-9AD3-DEEF6488D044}.Debug|x64.Build.0 = Debug|x64
		{74550AC6-8480-4E4B-9AD3-DEEF6488D044}.Debug|x86.ActiveCfg = Debug|Win32
		{74550AC6-8480-4E4B-9AD3-DEEF6488D044}.Debug|x86.Build.0 = Debug|Win32
		{74550AC6-8480-4E4B-9AD3-DEEF6488D044}.Release|x64.ActiveCfg = Release|x64
		{74550AC6-8480-4E4B-9AD3-DEEF6488D044}.Release|x64.Build.0 = Release|x64
		{74550AC6-8480-4E4B-9AD3-DEEF6488D044}.Release|x86.ActiveCfg = Release|Win32
		{74550AC6-8480-4E4B-9AD3-DEEF6488D044}.Release|x86.Build.0 = Release|Win32
		{1FF70C02-32F1-4C2D-90A0-00F92B1FC7F6}.Debug|x64.ActiveCfg = Debug|x64
		{1FF70C02-32F1-4C2D-90A0-00F92B1FC7F6}.Debug|x64.Build.0 = Debug|x64
		{1FF70C02-32F1-4C2D-90A0-00F92B1FC7F6}.Debug|x86.ActiveCfg = Debug|Win32
		{1FF70C02-32F1-4C2D-90A0-00F92B1FC7F6}.Debug|x86.Build.0 = Debug|Win32
		{1FF70C02-32F1-4C2D-90A0-00F92B1FC7F6}.Release|x64.ActiveCfg = Release|x64
		{1FF70C02-32F1-4C2D-90A0-00F92B1FC7F6}.Release|x64.Build.0 = Release|x64
		{1FF70C02-32F1-4C2D-90A0-00F92B1FC7F6}.Release|x86.ActiveCfg = Release|Win32
		{1FF70C02-32F1-4C2D-90A0-00F92B1FC7F6}.Release|x86.Build.0 = Release|Win32
		{334E3B00-712E-4D46-B101-85CF7D5CB856}.Debug|x64.ActiveCfg = Debug|x64
		{334E3B00-712E-4D46-B101-85CF7D5CB856}.Debug|x64.Build.0 = Debug|x64
		{334E3B00-712E-4D46-B101-85CF7D5CB856}.Debug|x86.ActiveCfg = Debug|Win32
		{334E3B00-712E-4D46-B101-85CF7D5CB856}.Debug|x86.Build.0 = Debug|Win32
		{334E3B00-712E-4D46-B101-85CF7D5CB856}.Release|x64.ActiveCfg = Release|x64
		{334E3B00-712E-4D46-B101-85CF7D5CB856}.Release|x64.Build.0 = Release|x64
		{334E3B00-712E-4D46-B101-85CF7D5CB856}.Release|x86.ActiveCfg = Release|Win32
		{334E3B00-712E-4D46-B101-85CF7D5CB856}.Release|x86.Build.0 = Release|Win32
		{A22B7EA6-E99A-456E-9082-607BDE372CD5}.Debug|x64.ActiveCfg = Debug|x64
		{A22B7EA6-E99A-456E-9082-607BDE372CD5}.Debug|x64.Build.0 = Debug|x64
		{A22B7EA6-E99A-456E-9082-607BDE372CD5}.Debug|x86.ActiveCfg = Debug|Win32
		{A22B7EA6-E99A-456E-9082-607BDE372CD5}.Debug|x86.Build.0 = Debug|Win32
		{A22B7EA6-E99A-456E-9082-607BDE372CD5}.Release|x64.ActiveCfg = Release|x64
		{A22B7EA6-E99A-456E-9082-607BDE372CD5}.Release|x64.Build.0 = Release|x64
		{A22B7EA6-E99A-456E-9082-607BDE372CD5}.Release|x86.ActiveCfg = Release|Win32
		{A22B7EA6-E99A-456E-9082-607BDE372CD5}.Release|x86.Build.0 = Release|Win32
		{A2EEFC7C-481A-4819-AC2E-590A1624C396}.Debug|x64.ActiveCfg = Debug|x64
		{A2EEFC7C-481A-4819-AC2E-590A1624C396}.Debug|x64.Build.0 = Debug|x64
		{A2EEFC7C-481A-4819-AC2E-590A1624C396}.Debug|x86.ActiveCfg = Debug|Win32
		{A2EEFC7C-481A-4819-AC2E-590A1624C396}.Debug|x86.Build.0 = Debug|Win32
		{A2EEFC7C-481A-4819-AC2E-590A1624C396}.Release|x64.ActiveCfg = Release|x64
		{A2EEFC7C-481A-4819-AC2E-590A1624C396}.Release|x64.Build.0 = Release|x64
		{A2EEFC7C-481A-4819-AC2E-590A1624C396}.Release|x86.ActiveCfg = Release|Win32
		{A2EEFC7C-481A-4819-AC2E-590A1624C396}.Release|x86.Build.0 = Release|Win32
		{1F32EAC7-0A3B-4434-80A0-9A0471BE88FA}.Debug|x64.ActiveCfg = Debug|x64
		{1F32EAC7-0A3B-4434-80A0-9A0471BE88FA}.Debug|x64.Build.0 = Debug|x64
		{1F32EAC7-0A3B-4434-80A0-9A0471BE88FA}.Debug|x86.ActiveCfg = Debug|Win32
		{1F32EAC7-0A3B-4434-80A0-9A0471BE88FA}.Debug|x86.Build.0 = Debug|Win32
		{1F32EAC7-0A3B-4434-80A0-9A0471BE88FA}.Release|x64.ActiveCfg = Release|x64
		{1F32EAC7-0A3B-4434-80A0-9A0471BE88FA}.Release|x64.Build.0 = Release|x64
		{1F32EAC7-0A3B-4434-80A0-9A0471BE88FA}.Release|x86.ActiveCfg = Release|Win32
		{1F32EAC7-0A3B-4434-80A0-9A0471BE88FA}.Release|x86.Build.0 = Release|Win32
		{27CB8C58-79C3-4F28-A2F2-2F4978C4398F}.Debug|x64.ActiveCfg = Debug|x64
		{27CB8C58-79C3-4F28-A2F2-2F4978C4398F}.Debug|x64.Build.0 = Debug|x64
		{27CB8C58-79C3-4F28-A2F2-2F4978C4398F}.Debug|x86.ActiveCfg = Debug|Win32
		{27CB8C58-79C3-4F28-A2F2-2F4978C4398F}.Debug|x86.Build.0 = Debug|Win32
		{27CB8C58-79C3-4F28-A2F2-2F4978C4398F}.Release|x64.ActiveCfg = Release|x64
		{27CB8C58-79C3-4F28-A2F2-2F4978C4398F}.Release|x64.Build.0 = Release|x64
		{27CB8C58-79C3-4F28-A2F2-2F4978C4398F}.Release|x86.ActiveCfg = Release|Win32
		{27CB8C58-79C3-4F28-A2F2-2F4978C4398F}.Release|x86.Build.0 = Release|Win32
		{E4BA7BD5-D819-4344-B54F-608CE584366E}.Debug|x64.ActiveCfg = Debug|x64
		{E4BA7BD5-D819-4344-B54F-608CE584366E}.Debug|x64.Build.0 = Debug|x64
		{E4BA7BD5-D819-4344-B54F-608CE584366E}.Debug|x86.ActiveCfg = Debug|Win32
		{E4BA7BD5-D819-4344-B54F-608CE584366E}.Debug|x86.Build.0 = Debug|Win32
		{E4BA7BD5-D819-4344-B54F-608CE584366E}.Release|x64.ActiveCfg = Release|x64
		{E4BA7BD5-D819-4344-B54F-608CE584366E}.Release|x64.Build.0 = Release|x64
		{E4BA7BD5-D819-4344-B54F-608CE584366E}.Release|x86.ActiveCfg = Release|Win32
		{E4BA7BD5-D819-4344-B54F-608CE584366E}.Release|x86.Build.0 = Release|Win32
		{8B0425E2-758B-4EB6-8252-8073CAECF2B0}.Debug|x64.ActiveCfg = Debug|x64
		{8B0425E2-758B-4EB6-8252-8073CAECF2B0}.Debug|x64.Build.0 = Debug|x64
		{8B0425E2-758B-4EB6-8252-8073CAECF2B0}.Debug|x86.ActiveCfg = Debug|Win32
		{8B0425E2-758B-4EB6-8252-8073CAECF2B0}.Debug|x86.Build.0 = Debug|Win32
		{8B0425E2-758B-4EB6-8252-8073CAECF2B0}.Release|x64.ActiveCfg = Release|x64
		{8B0425E2-758B-4EB6-8252-8073CAECF2B0}.Release|x64.Build.0 = Release|x64
		{8B0425E2-758B-4EB6-8252-8073CAECF2B0}.Release|x86.ActiveCfg = Release|Win32
		{8B0425E2-758B-4EB6-8252-8073CAECF2B0}.Release|x86.Build.0 = Release|Win32
		{5EACC303-003F-4422-97DA-B469D378D8FE}.Debug|x64.ActiveCfg = Debug|x64
		{5EACC303-003F-4422-97DA-B469D378D8FE}.Debug|x64.Build.0 = Debug|x64
		{5EACC303-003F-4422-97DA-B469D378D8FE}.Debug|x86.ActiveCfg = Debug|Win32
		{5EACC303-003F-4422-97DA-B469D378D8FE}.Debug|x86.Build.0 = Debug|Win32
		{5EACC303-003F-4422-97DA-B469D378D8FE}.Release|x64.ActiveCfg = Release|x64
		{5EACC303-003F-4422-97DA-B469D378D8FE}.Release|x64.Build.0 = Release|x64
		{5EACC303-003F-4422-97DA-B469D378D8FE}.Release|x86.ActiveCfg = Release|Win32
		{5EACC303-003F-4422-97DA-B469D378D8FE}.Release|x86.Build.0 = Release|Win32
		{71AB1619-8D18-4FEC-9907-DD1358657C47}.Debug|x64.ActiveCfg = Debug|x64
		{71AB1619-8D18-4FEC-9907-DD1358657C47}.Debug|x64.Build.0 = Debug|x64
		{71AB1619-8D18-4FEC-9907-DD1358657C47}.Debug|x86.ActiveCfg = Debug|Win32
		{71AB1619-8D18-4FEC-9907-DD1358657C47}.Debug|x86.Build.0 = Debug|Win32
		{71AB1619-8D18-4FEC-9907-DD1358657C47}.Release|x64.ActiveCfg = Release|x64
		{71AB1619-8D18-4FEC-9907-DD1358657C47}.Release|x64.Build.0 = Release|x64
		{71AB1619-8D18-4FEC-9907-DD1358657C47}.Release|x86.ActiveCfg = Release|Win32
		{71AB1619-8D18-4FEC-9907-DD1358657C47}.Release|x86.Build.0 = Release|Win32
		{CE2B80EA-D9C6-448F-AE82-B1176993725F}.Debug|x64.ActiveCfg = Debug|x64
		{CE2B80EA-D9C6-448F-AE82-B1176993725F}.Debug|x64.Build.0 = Debug|x64
		{CE2B80EA-D9C6-448F-AE82-B1176993725F}.Debug|x86.ActiveCfg = Debug|Win32
		{CE2B80EA-D9C6-448F-AE82-B1176993725F}.Debug|x86.Build.0 = Debug|Win32
		{CE2B80EA-D9C6-448F-AE82-B1176993725F}.Release|x64.ActiveCfg = Release|x64
		{CE2B80EA-D9C6-448F-AE82-B1176993725F}.Release|x64.Build.0 = Release|x64
		{CE2B80EA-D9C6-448F-AE82-B1176993725F}.Release|x86.ActiveCfg = Release|Win32
		{CE2B80EA-D9C6-448F-AE82-B1176993725F}.Release|x86.Build.0 = Release|Win32
		{840D6FB4-6390-48ED-8592-6C0398515EE3}.Debug|x64.ActiveCfg = Debug|x64
		{840D6FB4-6390-48ED-8592-6C0398515EE3}.Debug|x64.Build.0 = Debug|x64
		{840D6FB4-6390-48ED-8592-6C0398515EE3}.Debug|x86.ActiveCfg = Debug|Win32
		{840D6FB4-6390-48ED-8592-6C0398515EE3}.Debug|x86.Build.0 = Debug|Win32
		{840D6FB4-6390-48ED-8592-6C0398515EE3}.Release|x64.ActiveCfg = Release|x64
		{840D6FB4-6390-48ED-8592-6C0398515EE3}.Release|x64.Build.0 = Release|x64
		{840D6FB4-6390-48ED-8592-6C0398515EE3}.Release|x86.ActiveCfg = Release|Win32
		{840D6FB4-6390-48ED-8592-6C0398515EE3}.Release|x86.Build.0 = Release|Win32
		{B4112CD3-D8BA-4D40-8DA7-A411F298BA57}.Debug|x64.ActiveCfg = Debug|x64
		{B4112CD3-D8BA-4D40-8DA7-A411F298BA57}.Debug|x64.Build.0 = Debug|x64
		{B4112CD3-D8BA-4D40-8DA7-A411F298BA57}.Debug|x86.ActiveCfg = Debug|Win32
		{B4112CD3-D8BA-4D40-8DA7-A411F298BA57}.Debug|x86.Build.0 = Debug|Win32
		{B4112CD3-D8BA-4D40-8DA7-A411F298BA57}.Release|x64.ActiveCfg = Release|x64
		{B4112CD3-D8BA-4D40-8DA7-A411F298BA57}.Release|x64.Build.0 = Release|x64
		{B4112CD3-D8BA-4D40-8DA7-A411F298BA57}.Release|x86.ActiveCfg = Release|Win32
		{B4112CD3-D8BA-4D40-8DA7-A411F298BA57}.Release|x86.Build.0 = Release|Win32
		{D12D833F-C815-4539-9DBD-9C59001BBF6A}.Debug|x64.ActiveCfg = Debug|x64
		{D12D833F-C815-4539-9DBD-9C59001BBF6A}.Debug|x64.Build.0 = Debug|x64
		{D12D833F-C815-4539-9DBD-9C59001BBF6A}.Debug|x86.ActiveCfg = Debug|Win32
		{D12D833F-C815-4539-9DBD-9C59001BBF6A}.Debug|x86.Build.0 = Debug|Win32
		{D12D833F-C815-4539-9DBD-9C59001BBF6A}.Release|x64.ActiveCfg = Release|x64
		{D12D833F-C815-4539-9DBD-9C59001BBF6A}.Release|x64.Build.0 = Release|x64
		{D12D833F-C815-4539-9DBD-9C59001BBF6A}.Release|x86.ActiveCfg = Release|Win32
		{D12D833F-C815-4539-9DBD-9C59001BBF6A}.Release|x86.Build.0 = Release|Win32
		{9C0F7015-6E5F-4130-A1B4-96ECCA5E88FF}.Debug|x64.ActiveCfg = Debug|x64
		{9C0F7015-6E5F-4130-A1B4-96ECCA5E88FF}.Debug|x64.Build.0 = Debug|x64
		{9C0F7015-6E5F-4130-A1B4-96ECCA5E88FF}.Debug|x86.ActiveCfg = Debug|Win32
		{9C0F7015-6E5F-4130-A1B4-96ECCA5E88FF}.Debug|x86.Build.0 = Debug|Win32
		{9C0F7015-6E5F-4130-A1B4-96ECCA5E88FF}.Release|x64.ActiveCfg = Release|x64
		{9C0F7015-6E5F-4130-A1B4-96ECCA5E88FF}.Release|x64.Build.0 = Release|x64
		{9C0F7015-6E5F-4130-A1B4-96ECCA5E88FF}.Release|x86.ActiveCfg = Release|Win32
		{9C0F7015-6E5F-4130-A1B4-96ECCA5E88FF}.Release|x86.Build.0 = Release|Win32
		{05592BBA-FFD4-4508-AC26-1B9283891A5E}.Debug|x64.ActiveCfg = Debug|x64
		{05592BBA-FFD4-4508-AC26-1B9283891A5E}.Debug|x64.Build.0 = Debug|x64
		{05592BBA-FFD4-4508-AC26-1B9283891A5E}.Debug|x86.ActiveCfg = Debug|Win32
		{05592BBA-FFD4-4508-AC26-1B9283891A5E}.Debug|x86.Build.0 = Debug|Win32
		{05592BBA-FFD4-4508-AC26-1B9283891A5E}.Release|x64.ActiveCfg = Release|x64
		{05592BBA-FFD4-4508-AC26-1B9283891A5E}.Release|x64.Build.0 = Release|x64
		{05592BBA-FFD4-4508-AC26-1B9283891A5E}.Release|x86.ActiveCfg = Release|Win32
		{05592BBA-FFD4-4508-AC26-1B9283891A5E}.Release|x86.Build.0 = Release|Win32
		{21A95746-8040-4400-AD3F-E02D580F6D81}.Debug|x64.ActiveCfg = Debug|x64
		{21A95746-8040-4400-AD3F-E02D580F6D81}.Debug|x64.Build.0 = Debug|x64
		{21A95746-8040-4400-AD3F-E02D580F6D81}.Debug|x86.ActiveCfg = Debug|Win32
		{21A95746-8040-4400-AD3F-E02D580F6D81}.Debug|x86.Build.0 = Debug|Win32
		{21A95746-8040-4400-AD3F-E02D580F6D81}.Release|x64.ActiveCfg = Release|x64
		{21A95746-8040-4400-AD3F-E02D580F6D81}.Release|x64.Build.0 = Release|x64
		{21A95746-8040-4400-AD3F-E02D580F6D81}.Release|x86.ActiveCfg = Release|Win32
		{21A95746-8040-4400-AD3F-E02D580F6D81}.Release|x86.Build.0 = Release|Win32
	EndGlobalSection
	GlobalSection(SolutionProperties) = preSolution
		HideSolutionNode = FALSE
	EndGlobalSection
	GlobalSection(ExtensibilityGlobals) = postSolution
		SolutionGuid = {D99C4BF9-7445-4993-B002-E41B87A389B4}
	EndGlobalSection
EndGlobal
